
Microsoft Visual Studio Solution File, Format Version 11.00
# Visual Studio 2010
Project("{FAE04EC0-301F-11D3-BF4B-00C04F79EFBC}") = "Assembly-CSharp", "Assembly-CSharp.csproj", "{200C1D00-3469-88F2-40B2-62468B0E8517}"
EndProject
Project("{FAE04EC0-301F-11D3-BF4B-00C04F79EFBC}") = "NavMeshComponents", "NavMeshComponents.csproj", "{DB1EF564-0CA5-F089-EB28-FA7BEAA8E477}"
EndProject
Project("{FAE04EC0-301F-11D3-BF4B-00C04F79EFBC}") = "Assembly-CSharp-Editor", "Assembly-CSharp-Editor.csproj", "{0EFD5FF8-AD9D-076D-6086-2A22C401DB90}"
EndProject
Project("{FAE04EC0-301F-11D3-BF4B-00C04F79EFBC}") = "NavMeshComponentsEditor", "NavMeshComponentsEditor.csproj", "{97516882-5B99-BB81-1067-B5D5FD3362E7}"
EndProject
Global
	GlobalSection(SolutionConfigurationPlatforms) = preSolution
		Debug|Any CPU = Debug|Any CPU
		Release|Any CPU = Release|Any CPU
	EndGlobalSection
	GlobalSection(ProjectConfigurationPlatforms) = postSolution
		{200C1D00-3469-88F2-40B2-62468B0E8517}.Debug|Any CPU.ActiveCfg = Debug|Any CPU
		{200C1D00-3469-88F2-40B2-62468B0E8517}.Debug|Any CPU.Build.0 = Debug|Any CPU
		{200C1D00-3469-88F2-40B2-62468B0E8517}.Release|Any CPU.ActiveCfg = Release|Any CPU
		{200C1D00-3469-88F2-40B2-62468B0E8517}.Release|Any CPU.Build.0 = Release|Any CPU
		{DB1EF564-0CA5-F089-EB28-FA7BEAA8E477}.Debug|Any CPU.ActiveCfg = Debug|Any CPU
		{DB1EF564-0CA5-F089-EB28-FA7BEAA8E477}.Debug|Any CPU.Build.0 = Debug|Any CPU
		{DB1EF564-0CA5-F089-EB28-FA7BEAA8E477}.Release|Any CPU.ActiveCfg = Release|Any CPU
		{DB1EF564-0CA5-F089-EB28-FA7BEAA8E477}.Release|Any CPU.Build.0 = Release|Any CPU
		{0EFD5FF8-AD9D-076D-6086-2A22C401DB90}.Debug|Any CPU.ActiveCfg = Debug|Any CPU
		{0EFD5FF8-AD9D-076D-6086-2A22C401DB90}.Debug|Any CPU.Build.0 = Debug|Any CPU
		{0EFD5FF8-AD9D-076D-6086-2A22C401DB90}.Release|Any CPU.ActiveCfg = Release|Any CPU
		{0EFD5FF8-AD9D-076D-6086-2A22C401DB90}.Release|Any CPU.Build.0 = Release|Any CPU
		{97516882-5B99-BB81-1067-B5D5FD3362E7}.Debug|Any CPU.ActiveCfg = Debug|Any CPU
		{97516882-5B99-BB81-1067-B5D5FD3362E7}.Debug|Any CPU.Build.0 = Debug|Any CPU
		{97516882-5B99-BB81-1067-B5D5FD3362E7}.Release|Any CPU.ActiveCfg = Release|Any CPU
		{97516882-5B99-BB81-1067-B5D5FD3362E7}.Release|Any CPU.Build.0 = Release|Any CPU
	EndGlobalSection
	GlobalSection(SolutionProperties) = preSolution
		HideSolutionNode = FALSE
	EndGlobalSection
EndGlobal
